
Microsoft Visual Studio Solution File, Format Version 12.00
# Visual Studio 15
VisualStudioVersion = 15.0.27004.2008
MinimumVisualStudioVersion = 10.0.40219.1
Project("{8BC9CEB8-8B4A-11D0-8D11-00A0C91BC942}") = "RudePenguinEngine", "RudePenguinEngine\RudePenguinEngine.vcxproj", "{05755388-EAE8-46F1-BB64-837ABC622506}"
	ProjectSection(ProjectDependencies) = postProject
		{0B0C5E1A-11F8-4404-A878-7F1F55942E04} = {0B0C5E1A-11F8-4404-A878-7F1F55942E04}
	EndProjectSection
EndProject
Project("{8BC9CEB8-8B4A-11D0-8D11-00A0C91BC942}") = "CommonUtilities", "CommonUtilities\CommonUtilities.vcxproj", "{0B0C5E1A-11F8-4404-A878-7F1F55942E04}"
EndProject
Project("{8BC9CEB8-8B4A-11D0-8D11-00A0C91BC942}") = "Launcher", "Launcher\Launcher.vcxproj", "{6335BC2A-9A6F-4318-AE9F-B6B37CB1F12A}"
	ProjectSection(ProjectDependencies) = postProject
		{0B0C5E1A-11F8-4404-A878-7F1F55942E04} = {0B0C5E1A-11F8-4404-A878-7F1F55942E04}
		{05755388-EAE8-46F1-BB64-837ABC622506} = {05755388-EAE8-46F1-BB64-837ABC622506}
	EndProjectSection
EndProject
Global
	GlobalSection(SolutionConfigurationPlatforms) = preSolution
		Debug|x64 = Debug|x64
		Debug|x86 = Debug|x86
		Final|x64 = Final|x64
		Final|x86 = Final|x86
		Release|x64 = Release|x64
		Release|x86 = Release|x86
	EndGlobalSection
	GlobalSection(ProjectConfigurationPlatforms) = postSolution
		{05755388-EAE8-46F1-BB64-837ABC622506}.Debug|x64.ActiveCfg = Debug|x64
		{05755388-EAE8-46F1-BB64-837ABC622506}.Debug|x64.Build.0 = Debug|x64
		{05755388-EAE8-46F1-BB64-837ABC622506}.Debug|x86.ActiveCfg = Debug|Win32
		{05755388-EAE8-46F1-BB64-837ABC622506}.Debug|x86.Build.0 = Debug|Win32
		{05755388-EAE8-46F1-BB64-837ABC622506}.Final|x64.ActiveCfg = Final|x64
		{05755388-EAE8-46F1-BB64-837ABC622506}.Final|x64.Build.0 = Final|x64
		{05755388-EAE8-46F1-BB64-837ABC622506}.Final|x86.ActiveCfg = Final|Win32
		{05755388-EAE8-46F1-BB64-837ABC622506}.Final|x86.Build.0 = Final|Win32
		{05755388-EAE8-46F1-BB64-837ABC622506}.Release|x64.ActiveCfg = Release|x64
		{05755388-EAE8-46F1-BB64-837ABC622506}.Release|x64.Build.0 = Release|x64
		{05755388-EAE8-46F1-BB64-837ABC622506}.Release|x86.ActiveCfg = Release|Win32
		{05755388-EAE8-46F1-BB64-837ABC622506}.Release|x86.Build.0 = Release|Win32
		{0B0C5E1A-11F8-4404-A878-7F1F55942E04}.Debug|x64.ActiveCfg = Debug|x64
		{0B0C5E1A-11F8-4404-A878-7F1F55942E04}.Debug|x64.Build.0 = Debug|x64
		{0B0C5E1A-11F8-4404-A878-7F1F55942E04}.Debug|x86.ActiveCfg = Debug|Win32
		{0B0C5E1A-11F8-4404-A878-7F1F55942E04}.Debug|x86.Build.0 = Debug|Win32
		{0B0C5E1A-11F8-4404-A878-7F1F55942E04}.Final|x64.ActiveCfg = Final|x64
		{0B0C5E1A-11F8-4404-A878-7F1F55942E04}.Final|x64.Build.0 = Final|x64
		{0B0C5E1A-11F8-4404-A878-7F1F55942E04}.Final|x86.ActiveCfg = Final|Win32
		{0B0C5E1A-11F8-4404-A878-7F1F55942E04}.Final|x86.Build.0 = Final|Win32
		{0B0C5E1A-11F8-4404-A878-7F1F55942E04}.Release|x64.ActiveCfg = Release|x64
		{0B0C5E1A-11F8-4404-A878-7F1F55942E04}.Release|x64.Build.0 = Release|x64
		{0B0C5E1A-11F8-4404-A878-7F1F55942E04}.Release|x86.ActiveCfg = Release|Win32
		{0B0C5E1A-11F8-4404-A878-7F1F55942E04}.Release|x86.Build.0 = Release|Win32
		{6335BC2A-9A6F-4318-AE9F-B6B37CB1F12A}.Debug|x64.ActiveCfg = Debug|x64
		{6335BC2A-9A6F-4318-AE9F-B6B37CB1F12A}.Debug|x64.Build.0 = Debug|x64
		{6335BC2A-9A6F-4318-AE9F-B6B37CB1F12A}.Debug|x86.ActiveCfg = Debug|Win32
		{6335BC2A-9A6F-4318-AE9F-B6B37CB1F12A}.Debug|x86.Build.0 = Debug|Win32
		{6335BC2A-9A6F-4318-AE9F-B6B37CB1F12A}.Final|x64.ActiveCfg = Final|x64
		{6335BC2A-9A6F-4318-AE9F-B6B37CB1F12A}.Final|x64.Build.0 = Final|x64
		{6335BC2A-9A6F-4318-AE9F-B6B37CB1F12A}.Final|x86.ActiveCfg = Final|Win32
		{6335BC2A-9A6F-4318-AE9F-B6B37CB1F12A}.Final|x86.Build.0 = Final|Win32
		{6335BC2A-9A6F-4318-AE9F-B6B37CB1F12A}.Release|x64.ActiveCfg = Release|x64
		{6335BC2A-9A6F-4318-AE9F-B6B37CB1F12A}.Release|x64.Build.0 = Release|x64
		{6335BC2A-9A6F-4318-AE9F-B6B37CB1F12A}.Release|x86.ActiveCfg = Release|Win32
		{6335BC2A-9A6F-4318-AE9F-B6B37CB1F12A}.Release|x86.Build.0 = Release|Win32
	EndGlobalSection
	GlobalSection(SolutionProperties) = preSolution
		HideSolutionNode = FALSE
	EndGlobalSection
	GlobalSection(ExtensibilityGlobals) = postSolution
		SolutionGuid = {B28AE6F2-B5D9-4B59-BA71-6658BCD515A8}
	EndGlobalSection
EndGlobal
